
Microsoft Visual Studio Solution File, Format Version 9.00
# Visual Studio 2005
Project("{8BC9CEB8-8B4A-11D0-8D11-00A0C91BC942}") = "Ping", "Ping\Ping.vcproj", "{BE93D2B8-BF84-4466-AC1C-617CE70352DA}"
EndProject
Project("{8BC9CEB8-8B4A-11D0-8D11-00A0C91BC942}") = "Tracert", "Tracert\Tracert.vcproj", "{535154B8-5261-409F-9D25-BC533655B0BE}"
EndProject
Global
	GlobalSection(SolutionConfigurationPlatforms) = preSolution
		Debug|Win32 = Debug|Win32
		Release|Win32 = Release|Win32
	EndGlobalSection
	GlobalSection(ProjectConfigurationPlatforms) = postSolution
		{BE93D2B8-BF84-4466-AC1C-617CE70352DA}.Debug|Win32.ActiveCfg = Debug|Win32
		{BE93D2B8-BF84-4466-AC1C-617CE70352DA}.Debug|Win32.Build.0 = Debug|Win32
		{BE93D2B8-BF84-4466-AC1C-617CE70352DA}.Release|Win32.ActiveCfg = Release|Win32
		{BE93D2B8-BF84-4466-AC1C-617CE70352DA}.Release|Win32.Build.0 = Release|Win32
		{535154B8-5261-409F-9D25-BC533655B0BE}.Debug|Win32.ActiveCfg = Debug|Win32
		{535154B8-5261-409F-9D25-BC533655B0BE}.Debug|Win32.Build.0 = Debug|Win32
		{535154B8-5261-409F-9D25-BC533655B0BE}.Release|Win32.ActiveCfg = Release|Win32
		{535154B8-5261-409F-9D25-BC533655B0BE}.Release|Win32.Build.0 = Release|Win32
	EndGlobalSection
	GlobalSection(SolutionProperties) = preSolution
		HideSolutionNode = FALSE
	EndGlobalSection
EndGlobal
